
Microsoft Visual Studio Solution File, Format Version 10.00
# Visual Studio 2008
Project("{FAE04EC0-301F-11D3-BF4B-00C04F79EFBC}") = "appTiger", "appTiger\appTiger.csproj", "{FBBE5AC6-9153-423A-BC89-6F4C4F3FFCFE}"
EndProject
Global
	GlobalSection(SolutionConfigurationPlatforms) = preSolution
		Debug|Any CPU = Debug|Any CPU
		Release|Any CPU = Release|Any CPU
	EndGlobalSection
	GlobalSection(ProjectConfigurationPlatforms) = postSolution
		{FBBE5AC6-9153-423A-BC89-6F4C4F3FFCFE}.Debug|Any CPU.ActiveCfg = Debug|Any CPU
		{FBBE5AC6-9153-423A-BC89-6F4C4F3FFCFE}.Debug|Any CPU.Build.0 = Debug|Any CPU
		{FBBE5AC6-9153-423A-BC89-6F4C4F3FFCFE}.Release|Any CPU.ActiveCfg = Release|Any CPU
		{FBBE5AC6-9153-423A-BC89-6F4C4F3FFCFE}.Release|Any CPU.Build.0 = Release|Any CPU
	EndGlobalSection
	GlobalSection(SolutionProperties) = preSolution
		HideSolutionNode = FALSE
	EndGlobalSection
EndGlobal
